schema: '2.0'
stages:
  data_prep:
    cmd: python src/data_prep.py --input data/raw/telco_churn.csv --output 
      data/processed/telco_clean.csv --params params.yaml
    deps:
    - path: data/raw/telco_churn.csv
      hash: md5
      md5: 006527876bfe18c977d74eb4bc59443f
      size: 873370
    - path: params.yaml
      hash: md5
      md5: 89e9261ea164873b000befc4b68a357f
      size: 274
    - path: src/data_prep.py
      hash: md5
      md5: 9f663e91e654c01c34fa4c5dc4194413
      size: 1372
    outs:
    - path: data/processed/telco_clean.csv
      hash: md5
      md5: e2866164e0ee2db726d294879d9374a2
      size: 1602691
  train:
    cmd: python src/train.py --data data/processed/telco_clean.csv --model 
      models/churn_model.pkl --params params.yaml --metrics metrics.json
    deps:
    - path: data/processed/telco_clean.csv
      hash: md5
      md5: e2866164e0ee2db726d294879d9374a2
      size: 1602691
    - path: params.yaml
      hash: md5
      md5: 89e9261ea164873b000befc4b68a357f
      size: 274
    - path: src/train.py
      hash: md5
      md5: d24a24d1cda7e52f8aa67becdead30cc
      size: 3761
    outs:
    - path: metrics.json
      hash: md5
      md5: e8d24951628a888d9c726f93dd0fcd41
      size: 136
    - path: models/churn_model.pkl
      hash: md5
      md5: 610f131538f7729fd984576f86435a77
      size: 2155
  evaluate:
    cmd: python src/evaluate.py
    deps:
    - path: data/processed/telco_clean.csv
      hash: md5
      md5: e2866164e0ee2db726d294879d9374a2
      size: 1602691
    - path: models/churn_model.pkl
      hash: md5
      md5: 610f131538f7729fd984576f86435a77
      size: 2155
    - path: params.yaml
      hash: md5
      md5: 89e9261ea164873b000befc4b68a357f
      size: 274
    - path: src/evaluate.py
      hash: md5
      md5: 2def2104f3c0e98a3c8d8c243aa7b982
      size: 2668
    outs:
    - path: reports/metrics_final.json
      hash: md5
      md5: b330c42db43ff2dc23ac78b7d4a0bfe9
      size: 170
    - path: reports/roc_curve.png
      hash: md5
      md5: 2cd99475c48a9efd1c937101e114fda1
      size: 35358
