schema: '2.0'
stages:
  data_prep:
    cmd: python src/data_prep.py
    deps:
    - path: data/raw/telco_churn.csv
      hash: md5
      md5: ac40be7770ac4b2e22a43d2ec75a2bad
      size: 883371
    - path: src/data_prep.py
      hash: md5
      md5: 9f663e91e654c01c34fa4c5dc4194413
      size: 1372
    outs:
    - path: data/processed/telco_clean.csv
      hash: md5
      md5: e2866164e0ee2db726d294879d9374a2
      size: 1602691
