schema: '2.0'
stages:
  data_prep:
    cmd: python src/data_prep.py --input data/raw/telco_churn.csv --output 
      data/processed/telco_clean.csv --params params.yaml
    deps:
    - path: data/raw/telco_churn.csv
      hash: md5
      md5: 006527876bfe18c977d74eb4bc59443f
      size: 873370
    - path: params.yaml
      hash: md5
      md5: cff002847b36a6a24310c107e857fbf5
      size: 272
    - path: src/data_prep.py
      hash: md5
      md5: 9f663e91e654c01c34fa4c5dc4194413
      size: 1372
    outs:
    - path: data/processed/telco_clean.csv
      hash: md5
      md5: e2866164e0ee2db726d294879d9374a2
      size: 1602691
  train:
    cmd: python src/train.py --data data/processed/telco_clean.csv --model 
      models/churn_model.pkl --params params.yaml --metrics metrics.json
    deps:
    - path: data/processed/telco_clean.csv
      hash: md5
      md5: e2866164e0ee2db726d294879d9374a2
      size: 1602691
    - path: params.yaml
      hash: md5
      md5: cff002847b36a6a24310c107e857fbf5
      size: 272
    - path: src/train.py
      hash: md5
      md5: d24a24d1cda7e52f8aa67becdead30cc
      size: 3761
    outs:
    - path: metrics.json
      hash: md5
      md5: ec76dfc644c0de97f272d17a720a60c0
      size: 123
    - path: models/churn_model.pkl
      hash: md5
      md5: e5073120dbcc1fe02b9b5b9bda69ae9f
      size: 2155
